
Microsoft Visual Studio Solution File, Format Version 12.00
# Visual Studio Version 17
VisualStudioVersion = 17.14.36414.22 d17.14
MinimumVisualStudioVersion = 10.0.40219.1
Project("{FAE04EC0-301F-11D3-BF4B-00C04F79EFBC}") = "CCIPBatcherOrchestrator", "CCIPBatcherOrchestrator.csproj", "{73B6A717-2787-474C-9511-8ADF3DB3423A}"
EndProject
Global
	GlobalSection(SolutionConfigurationPlatforms) = preSolution
		Debug|Any CPU = Debug|Any CPU
		Release|Any CPU = Release|Any CPU
	EndGlobalSection
	GlobalSection(ProjectConfigurationPlatforms) = postSolution
		{73B6A717-2787-474C-9511-8ADF3DB3423A}.Debug|Any CPU.ActiveCfg = Debug|Any CPU
		{73B6A717-2787-474C-9511-8ADF3DB3423A}.Debug|Any CPU.Build.0 = Debug|Any CPU
		{73B6A717-2787-474C-9511-8ADF3DB3423A}.Release|Any CPU.ActiveCfg = Release|Any CPU
		{73B6A717-2787-474C-9511-8ADF3DB3423A}.Release|Any CPU.Build.0 = Release|Any CPU
	EndGlobalSection
	GlobalSection(SolutionProperties) = preSolution
		HideSolutionNode = FALSE
	EndGlobalSection
	GlobalSection(ExtensibilityGlobals) = postSolution
		SolutionGuid = {4824F001-11A9-4F4F-B24C-FDC511D15FEF}
	EndGlobalSection
EndGlobal
